// !$*UTF8*$!
{
	archiveVersion = 1;
	classes = {
	};
	objectVersion = 56;
	objects = {

/* Begin PBXBuildFile section */
		5B308AD02B6768B1008765CC /* swift_ext.docc in Sources */ = {isa = PBXBuildFile; fileRef = 5B308ACF2B6768B1008765CC /* swift_ext.docc */; };
		5B308AD62B6768B2008765CC /* swift_ext.framework in Frameworks */ = {isa = PBXBuildFile; fileRef = 5B308ACB2B6768B1008765CC /* swift_ext.framework */; };
		5B308ADB2B6768B2008765CC /* swift_extTests.swift in Sources */ = {isa = PBXBuildFile; fileRef = 5B308ADA2B6768B2008765CC /* swift_extTests.swift */; };
		5B308ADC2B6768B2008765CC /* swift_ext.h in Headers */ = {isa = PBXBuildFile; fileRef = 5B308ACE2B6768B1008765CC /* swift_ext.h */; settings = {ATTRIBUTES = (Public, ); }; };
		5B308AEC2B6768DF008765CC /* AppDelegate.swift in Sources */ = {isa = PBXBuildFile; fileRef = 5B308AEB2B6768DF008765CC /* AppDelegate.swift */; };
		5B308AEE2B6768DF008765CC /* SceneDelegate.swift in Sources */ = {isa = PBXBuildFile; fileRef = 5B308AED2B6768DF008765CC /* SceneDelegate.swift */; };
		5B308AF02B6768DF008765CC /* ViewController.swift in Sources */ = {isa = PBXBuildFile; fileRef = 5B308AEF2B6768DF008765CC /* ViewController.swift */; };
		5B308AF32B6768DF008765CC /* Main.storyboard in Resources */ = {isa = PBXBuildFile; fileRef = 5B308AF12B6768DF008765CC /* Main.storyboard */; };
		5B308AF52B6768E0008765CC /* Assets.xcassets in Resources */ = {isa = PBXBuildFile; fileRef = 5B308AF42B6768E0008765CC /* Assets.xcassets */; };
		5B308AF82B6768E0008765CC /* LaunchScreen.storyboard in Resources */ = {isa = PBXBuildFile; fileRef = 5B308AF62B6768E0008765CC /* LaunchScreen.storyboard */; };
/* End PBXBuildFile section */

/* Begin PBXContainerItemProxy section */
		5B308AD72B6768B2008765CC /* PBXContainerItemProxy */ = {
			isa = PBXContainerItemProxy;
			containerPortal = 5B308AC22B6768B1008765CC /* Project object */;
			proxyType = 1;
			remoteGlobalIDString = 5B308ACA2B6768B1008765CC;
			remoteInfo = swift_ext;
		};
/* End PBXContainerItemProxy section */

/* Begin PBXFileReference section */
		5B308ACB2B6768B1008765CC /* swift_ext.framework */ = {isa = PBXFileReference; explicitFileType = wrapper.framework; includeInIndex = 0; path = swift_ext.framework; sourceTree = BUILT_PRODUCTS_DIR; };
		5B308ACE2B6768B1008765CC /* swift_ext.h */ = {isa = PBXFileReference; lastKnownFileType = sourcecode.c.h; path = swift_ext.h; sourceTree = "<group>"; };
		5B308ACF2B6768B1008765CC /* swift_ext.docc */ = {isa = PBXFileReference; lastKnownFileType = folder.documentationcatalog; path = swift_ext.docc; sourceTree = "<group>"; };
		5B308AD52B6768B2008765CC /* swift_extTests.xctest */ = {isa = PBXFileReference; explicitFileType = wrapper.cfbundle; includeInIndex = 0; path = swift_extTests.xctest; sourceTree = BUILT_PRODUCTS_DIR; };
		5B308ADA2B6768B2008765CC /* swift_extTests.swift */ = {isa = PBXFileReference; lastKnownFileType = sourcecode.swift; path = swift_extTests.swift; sourceTree = "<group>"; };
		5B308AE92B6768DE008765CC /* swift_ext_example.app */ = {isa = PBXFileReference; explicitFileType = wrapper.application; includeInIndex = 0; path = swift_ext_example.app; sourceTree = BUILT_PRODUCTS_DIR; };
		5B308AEB2B6768DF008765CC /* AppDelegate.swift */ = {isa = PBXFileReference; lastKnownFileType = sourcecode.swift; path = AppDelegate.swift; sourceTree = "<group>"; };
		5B308AED2B6768DF008765CC /* SceneDelegate.swift */ = {isa = PBXFileReference; lastKnownFileType = sourcecode.swift; path = SceneDelegate.swift; sourceTree = "<group>"; };
		5B308AEF2B6768DF008765CC /* ViewController.swift */ = {isa = PBXFileReference; lastKnownFileType = sourcecode.swift; path = ViewController.swift; sourceTree = "<group>"; };
		5B308AF22B6768DF008765CC /* Base */ = {isa = PBXFileReference; lastKnownFileType = file.storyboard; name = Base; path = Base.lproj/Main.storyboard; sourceTree = "<group>"; };
		5B308AF42B6768E0008765CC /* Assets.xcassets */ = {isa = PBXFileReference; lastKnownFileType = folder.assetcatalog; path = Assets.xcassets; sourceTree = "<group>"; };
		5B308AF72B6768E0008765CC /* Base */ = {isa = PBXFileReference; lastKnownFileType = file.storyboard; name = Base; path = Base.lproj/LaunchScreen.storyboard; sourceTree = "<group>"; };
		5B308AF92B6768E0008765CC /* Info.plist */ = {isa = PBXFileReference; lastKnownFileType = text.plist.xml; path = Info.plist; sourceTree = "<group>"; };
/* End PBXFileReference section */

/* Begin PBXFrameworksBuildPhase section */
		5B308AC82B6768B1008765CC /* Frameworks */ = {
			isa = PBXFrameworksBuildPhase;
			buildActionMask = 2147483647;
			files = (
			);
			runOnlyForDeploymentPostprocessing = 0;
		};
		5B308AD22B6768B2008765CC /* Frameworks */ = {
			isa = PBXFrameworksBuildPhase;
			buildActionMask = 2147483647;
			files = (
				5B308AD62B6768B2008765CC /* swift_ext.framework in Frameworks */,
			);
			runOnlyForDeploymentPostprocessing = 0;
		};
		5B308AE62B6768DE008765CC /* Frameworks */ = {
			isa = PBXFrameworksBuildPhase;
			buildActionMask = 2147483647;
			files = (
			);
			runOnlyForDeploymentPostprocessing = 0;
		};
/* End PBXFrameworksBuildPhase section */

/* Begin PBXGroup section */
		5B308AC12B6768B1008765CC = {
			isa = PBXGroup;
			children = (
				5B308ACD2B6768B1008765CC /* swift_ext */,
				5B308AD92B6768B2008765CC /* swift_extTests */,
				5B308AEA2B6768DF008765CC /* swift_ext_example */,
				5B308ACC2B6768B1008765CC /* Products */,
			);
			sourceTree = "<group>";
		};
		5B308ACC2B6768B1008765CC /* Products */ = {
			isa = PBXGroup;
			children = (
				5B308ACB2B6768B1008765CC /* swift_ext.framework */,
				5B308AD52B6768B2008765CC /* swift_extTests.xctest */,
				5B308AE92B6768DE008765CC /* swift_ext_example.app */,
			);
			name = Products;
			sourceTree = "<group>";
		};
		5B308ACD2B6768B1008765CC /* swift_ext */ = {
			isa = PBXGroup;
			children = (
				5B308ACE2B6768B1008765CC /* swift_ext.h */,
				5B308ACF2B6768B1008765CC /* swift_ext.docc */,
			);
			path = swift_ext;
			sourceTree = "<group>";
		};
		5B308AD92B6768B2008765CC /* swift_extTests */ = {
			isa = PBXGroup;
			children = (
				5B308ADA2B6768B2008765CC /* swift_extTests.swift */,
			);
			path = swift_extTests;
			sourceTree = "<group>";
		};
		5B308AEA2B6768DF008765CC /* swift_ext_example */ = {
			isa = PBXGroup;
			children = (
				5B308AEB2B6768DF008765CC /* AppDelegate.swift */,
				5B308AED2B6768DF008765CC /* SceneDelegate.swift */,
				5B308AEF2B6768DF008765CC /* ViewController.swift */,
				5B308AF12B6768DF008765CC /* Main.storyboard */,
				5B308AF42B6768E0008765CC /* Assets.xcassets */,
				5B308AF62B6768E0008765CC /* LaunchScreen.storyboard */,
				5B308AF92B6768E0008765CC /* Info.plist */,
			);
			path = swift_ext_example;
			sourceTree = "<group>";
		};
/* End PBXGroup section */

/* Begin PBXHeadersBuildPhase section */
		5B308AC62B6768B1008765CC /* Headers */ = {
			isa = PBXHeadersBuildPhase;
			buildActionMask = 2147483647;
			files = (
				5B308ADC2B6768B2008765CC /* swift_ext.h in Headers */,
			);
			runOnlyForDeploymentPostprocessing = 0;
		};
/* End PBXHeadersBuildPhase section */

/* Begin PBXNativeTarget section */
		5B308ACA2B6768B1008765CC /* swift_ext */ = {
			isa = PBXNativeTarget;
			buildConfigurationList = 5B308ADF2B6768B2008765CC /* Build configuration list for PBXNativeTarget "swift_ext" */;
			buildPhases = (
				5B308AC62B6768B1008765CC /* Headers */,
				5B308AC72B6768B1008765CC /* Sources */,
				5B308AC82B6768B1008765CC /* Frameworks */,
				5B308AC92B6768B1008765CC /* Resources */,
			);
			buildRules = (
			);
			dependencies = (
			);
			name = swift_ext;
			productName = swift_ext;
			productReference = 5B308ACB2B6768B1008765CC /* swift_ext.framework */;
			productType = "com.apple.product-type.framework";
		};
		5B308AD42B6768B2008765CC /* swift_extTests */ = {
			isa = PBXNativeTarget;
			buildConfigurationList = 5B308AE22B6768B2008765CC /* Build configuration list for PBXNativeTarget "swift_extTests" */;
			buildPhases = (
				5B308AD12B6768B2008765CC /* Sources */,
				5B308AD22B6768B2008765CC /* Frameworks */,
				5B308AD32B6768B2008765CC /* Resources */,
			);
			buildRules = (
			);
			dependencies = (
				5B308AD82B6768B2008765CC /* PBXTargetDependency */,
			);
			name = swift_extTests;
			productName = swift_extTests;
			productReference = 5B308AD52B6768B2008765CC /* swift_extTests.xctest */;
			productType = "com.apple.product-type.bundle.unit-test";
		};
		5B308AE82B6768DE008765CC /* swift_ext_example */ = {
			isa = PBXNativeTarget;
			buildConfigurationList = 5B308AFA2B6768E0008765CC /* Build configuration list for PBXNativeTarget "swift_ext_example" */;
			buildPhases = (
				5B308AE52B6768DE008765CC /* Sources */,
				5B308AE62B6768DE008765CC /* Frameworks */,
				5B308AE72B6768DE008765CC /* Resources */,
			);
			buildRules = (
			);
			dependencies = (
			);
			name = swift_ext_example;
			productName = swift_ext_example;
			productReference = 5B308AE92B6768DE008765CC /* swift_ext_example.app */;
			productType = "com.apple.product-type.application";
		};
/* End PBXNativeTarget section */

/* Begin PBXProject section */
		5B308AC22B6768B1008765CC /* Project object */ = {
			isa = PBXProject;
			attributes = {
				BuildIndependentTargetsInParallel = 1;
				LastSwiftUpdateCheck = 1520;
				LastUpgradeCheck = 1520;
				TargetAttributes = {
					5B308ACA2B6768B1008765CC = {
						CreatedOnToolsVersion = 15.2;
					};
					5B308AD42B6768B2008765CC = {
						CreatedOnToolsVersion = 15.2;
					};
					5B308AE82B6768DE008765CC = {
						CreatedOnToolsVersion = 15.2;
					};
				};
			};
			buildConfigurationList = 5B308AC52B6768B1008765CC /* Build configuration list for PBXProject "swift_ext" */;
			compatibilityVersion = "Xcode 14.0";
			developmentRegion = en;
			hasScannedForEncodings = 0;
			knownRegions = (
				en,
				Base,
			);
			mainGroup = 5B308AC12B6768B1008765CC;
			productRefGroup = 5B308ACC2B6768B1008765CC /* Products */;
			projectDirPath = "";
			projectRoot = "";
			targets = (
				5B308ACA2B6768B1008765CC /* swift_ext */,
				5B308AD42B6768B2008765CC /* swift_extTests */,
				5B308AE82B6768DE008765CC /* swift_ext_example */,
			);
		};
/* End PBXProject section */

/* Begin PBXResourcesBuildPhase section */
		5B308AC92B6768B1008765CC /* Resources */ = {
			isa = PBXResourcesBuildPhase;
			buildActionMask = 2147483647;
			files = (
			);
			runOnlyForDeploymentPostprocessing = 0;
		};
		5B308AD32B6768B2008765CC /* Resources */ = {
			isa = PBXResourcesBuildPhase;
			buildActionMask = 2147483647;
			files = (
			);
			runOnlyForDeploymentPostprocessing = 0;
		};
		5B308AE72B6768DE008765CC /* Resources */ = {
			isa = PBXResourcesBuildPhase;
			buildActionMask = 2147483647;
			files = (
				5B308AF82B6768E0008765CC /* LaunchScreen.storyboard in Resources */,
				5B308AF52B6768E0008765CC /* Assets.xcassets in Resources */,
				5B308AF32B6768DF008765CC /* Main.storyboard in Resources */,
			);
			runOnlyForDeploymentPostprocessing = 0;
		};
/* End PBXResourcesBuildPhase section */

/* Begin PBXSourcesBuildPhase section */
		5B308AC72B6768B1008765CC /* Sources */ = {
			isa = PBXSourcesBuildPhase;
			buildActionMask = 2147483647;
			files = (
				5B308AD02B6768B1008765CC /* swift_ext.docc in Sources */,
			);
			runOnlyForDeploymentPostprocessing = 0;
		};
		5B308AD12B6768B2008765CC /* Sources */ = {
			isa = PBXSourcesBuildPhase;
			buildActionMask = 2147483647;
			files = (
				5B308ADB2B6768B2008765CC /* swift_extTests.swift in Sources */,
			);
			runOnlyForDeploymentPostprocessing = 0;
		};
		5B308AE52B6768DE008765CC /* Sources */ = {
			isa = PBXSourcesBuildPhase;
			buildActionMask = 2147483647;
			files = (
				5B308AF02B6768DF008765CC /* ViewController.swift in Sources */,
				5B308AEC2B6768DF008765CC /* AppDelegate.swift in Sources */,
				5B308AEE2B6768DF008765CC /* SceneDelegate.swift in Sources */,
			);
			runOnlyForDeploymentPostprocessing = 0;
		};
/* End PBXSourcesBuildPhase section */

/* Begin PBXTargetDependency section */
		5B308AD82B6768B2008765CC /* PBXTargetDependency */ = {
			isa = PBXTargetDependency;
			target = 5B308ACA2B6768B1008765CC /* swift_ext */;
			targetProxy = 5B308AD72B6768B2008765CC /* PBXContainerItemProxy */;
		};
/* End PBXTargetDependency section */

/* Begin PBXVariantGroup section */
		5B308AF12B6768DF008765CC /* Main.storyboard */ = {
			isa = PBXVariantGroup;
			children = (
				5B308AF22B6768DF008765CC /* Base */,
			);
			name = Main.storyboard;
			sourceTree = "<group>";
		};
		5B308AF62B6768E0008765CC /* LaunchScreen.storyboard */ = {
			isa = PBXVariantGroup;
			children = (
				5B308AF72B6768E0008765CC /* Base */,
			);
			name = LaunchScreen.storyboard;
			sourceTree = "<group>";
		};
/* End PBXVariantGroup section */

/* Begin XCBuildConfiguration section */
		5B308ADD2B6768B2008765CC /* Debug */ = {
			isa = XCBuildConfiguration;
			buildSettings = {
				ALWAYS_SEARCH_USER_PATHS = NO;
				ASSETCATALOG_COMPILER_GENERATE_SWIFT_ASSET_SYMBOL_EXTENSIONS = YES;
				CLANG_ANALYZER_NONNULL = YES;
				CLANG_ANALYZER_NUMBER_OBJECT_CONVERSION = YES_AGGRESSIVE;
				CLANG_CXX_LANGUAGE_STANDARD = "gnu++20";
				CLANG_ENABLE_MODULES = YES;
				CLANG_ENABLE_OBJC_ARC = YES;
				CLANG_ENABLE_OBJC_WEAK = YES;
				CLANG_WARN_BLOCK_CAPTURE_AUTORELEASING = YES;
				CLANG_WARN_BOOL_CONVERSION = YES;
				CLANG_WARN_COMMA = YES;
				CLANG_WARN_CONSTANT_CONVERSION = YES;
				CLANG_WARN_DEPRECATED_OBJC_IMPLEMENTATIONS = YES;
				CLANG_WARN_DIRECT_OBJC_ISA_USAGE = YES_ERROR;
				CLANG_WARN_DOCUMENTATION_COMMENTS = YES;
				CLANG_WARN_EMPTY_BODY = YES;
				CLANG_WARN_ENUM_CONVERSION = YES;
				CLANG_WARN_INFINITE_RECURSION = YES;
				CLANG_WARN_INT_CONVERSION = YES;
				CLANG_WARN_NON_LITERAL_NULL_CONVERSION = YES;
				CLANG_WARN_OBJC_IMPLICIT_RETAIN_SELF = YES;
				CLANG_WARN_OBJC_LITERAL_CONVERSION = YES;
				CLANG_WARN_OBJC_ROOT_CLASS = YES_ERROR;
				CLANG_WARN_QUOTED_INCLUDE_IN_FRAMEWORK_HEADER = YES;
				CLANG_WARN_RANGE_LOOP_ANALYSIS = YES;
				CLANG_WARN_STRICT_PROTOTYPES = YES;
				CLANG_WARN_SUSPICIOUS_MOVE = YES;
				CLANG_WARN_UNGUARDED_AVAILABILITY = YES_AGGRESSIVE;
				CLANG_WARN_UNREACHABLE_CODE = YES;
				CLANG_WARN__DUPLICATE_METHOD_MATCH = YES;
				COPY_PHASE_STRIP = NO;
				CURRENT_PROJECT_VERSION = 1;
				DEBUG_INFORMATION_FORMAT = dwarf;
				ENABLE_STRICT_OBJC_MSGSEND = YES;
				ENABLE_TESTABILITY = YES;
				ENABLE_USER_SCRIPT_SANDBOXING = YES;
				GCC_C_LANGUAGE_STANDARD = gnu17;
				GCC_DYNAMIC_NO_PIC = NO;
				GCC_NO_COMMON_BLOCKS = YES;
				GCC_OPTIMIZATION_LEVEL = 0;
				GCC_PREPROCESSOR_DEFINITIONS = (
					"DEBUG=1",
					"$(inherited)",
				);
				GCC_WARN_64_TO_32_BIT_CONVERSION = YES;
				GCC_WARN_ABOUT_RETURN_TYPE = YES_ERROR;
				GCC_WARN_UNDECLARED_SELECTOR = YES;
				GCC_WARN_UNINITIALIZED_AUTOS = YES_AGGRESSIVE;
				GCC_WARN_UNUSED_FUNCTION = YES;
				GCC_WARN_UNUSED_VARIABLE = YES;
				IPHONEOS_DEPLOYMENT_TARGET = 17.2;
				LOCALIZATION_PREFERS_STRING_CATALOGS = YES;
				MTL_ENABLE_DEBUG_INFO = INCLUDE_SOURCE;
				MTL_FAST_MATH = YES;
				ONLY_ACTIVE_ARCH = YES;
				SDKROOT = iphoneos;
				SWIFT_ACTIVE_COMPILATION_CONDITIONS = "DEBUG $(inherited)";
				SWIFT_OPTIMIZATION_LEVEL = "-Onone";
				VERSIONING_SYSTEM = "apple-generic";
				VERSION_INFO_PREFIX = "";
			};
			name = Debug;
		};
		5B308ADE2B6768B2008765CC /* Release */ = {
			isa = XCBuildConfiguration;
			buildSettings = {
				ALWAYS_SEARCH_USER_PATHS = NO;
				ASSETCATALOG_COMPILER_GENERATE_SWIFT_ASSET_SYMBOL_EXTENSIONS = YES;
				CLANG_ANALYZER_NONNULL = YES;
				CLANG_ANALYZER_NUMBER_OBJECT_CONVERSION = YES_AGGRESSIVE;
				CLANG_CXX_LANGUAGE_STANDARD = "gnu++20";
				CLANG_ENABLE_MODULES = YES;
				CLANG_ENABLE_OBJC_ARC = YES;
				CLANG_ENABLE_OBJC_WEAK = YES;
				CLANG_WARN_BLOCK_CAPTURE_AUTORELEASING = YES;
				CLANG_WARN_BOOL_CONVERSION = YES;
				CLANG_WARN_COMMA = YES;
				CLANG_WARN_CONSTANT_CONVERSION = YES;
				CLANG_WARN_DEPRECATED_OBJC_IMPLEMENTATIONS = YES;
				CLANG_WARN_DIRECT_OBJC_ISA_USAGE = YES_ERROR;
				CLANG_WARN_DOCUMENTATION_COMMENTS = YES;
				CLANG_WARN_EMPTY_BODY = YES;
				CLANG_WARN_ENUM_CONVERSION = YES;
				CLANG_WARN_INFINITE_RECURSION = YES;
				CLANG_WARN_INT_CONVERSION = YES;
				CLANG_WARN_NON_LITERAL_NULL_CONVERSION = YES;
				CLANG_WARN_OBJC_IMPLICIT_RETAIN_SELF = YES;
				CLANG_WARN_OBJC_LITERAL_CONVERSION = YES;
				CLANG_WARN_OBJC_ROOT_CLASS = YES_ERROR;
				CLANG_WARN_QUOTED_INCLUDE_IN_FRAMEWORK_HEADER = YES;
				CLANG_WARN_RANGE_LOOP_ANALYSIS = YES;
				CLANG_WARN_STRICT_PROTOTYPES = YES;
				CLANG_WARN_SUSPICIOUS_MOVE = YES;
				CLANG_WARN_UNGUARDED_AVAILABILITY = YES_AGGRESSIVE;
				CLANG_WARN_UNREACHABLE_CODE = YES;
				CLANG_WARN__DUPLICATE_METHOD_MATCH = YES;
				COPY_PHASE_STRIP = NO;
				CURRENT_PROJECT_VERSION = 1;
				DEBUG_INFORMATION_FORMAT = "dwarf-with-dsym";
				ENABLE_NS_ASSERTIONS = NO;
				ENABLE_STRICT_OBJC_MSGSEND = YES;
				ENABLE_USER_SCRIPT_SANDBOXING = YES;
				GCC_C_LANGUAGE_STANDARD = gnu17;
				GCC_NO_COMMON_BLOCKS = YES;
				GCC_WARN_64_TO_32_BIT_CONVERSION = YES;
				GCC_WARN_ABOUT_RETURN_TYPE = YES_ERROR;
				GCC_WARN_UNDECLARED_SELECTOR = YES;
				GCC_WARN_UNINITIALIZED_AUTOS = YES_AGGRESSIVE;
				GCC_WARN_UNUSED_FUNCTION = YES;
				GCC_WARN_UNUSED_VARIABLE = YES;
				IPHONEOS_DEPLOYMENT_TARGET = 17.2;
				LOCALIZATION_PREFERS_STRING_CATALOGS = YES;
				MTL_ENABLE_DEBUG_INFO = NO;
				MTL_FAST_MATH = YES;
				SDKROOT = iphoneos;
				SWIFT_COMPILATION_MODE = wholemodule;
				VALIDATE_PRODUCT = YES;
				VERSIONING_SYSTEM = "apple-generic";
				VERSION_INFO_PREFIX = "";
			};
			name = Release;
		};
		5B308AE02B6768B2008765CC /* Debug */ = {
			isa = XCBuildConfiguration;
			buildSettings = {
				CODE_SIGN_STYLE = Automatic;
				CURRENT_PROJECT_VERSION = 1;
				DEFINES_MODULE = YES;
				DEVELOPMENT_TEAM = P4P4WMUQQW;
				DYLIB_COMPATIBILITY_VERSION = 1;
				DYLIB_CURRENT_VERSION = 1;
				DYLIB_INSTALL_NAME_BASE = "@rpath";
				ENABLE_MODULE_VERIFIER = YES;
				GENERATE_INFOPLIST_FILE = YES;
				INFOPLIST_KEY_NSHumanReadableCopyright = "";
				INSTALL_PATH = "$(LOCAL_LIBRARY_DIR)/Frameworks";
				LD_RUNPATH_SEARCH_PATHS = (
					"$(inherited)",
					"@executable_path/Frameworks",
					"@loader_path/Frameworks",
				);
				MARKETING_VERSION = 1.0;
				MODULE_VERIFIER_SUPPORTED_LANGUAGES = "objective-c objective-c++";
				MODULE_VERIFIER_SUPPORTED_LANGUAGE_STANDARDS = "gnu17 gnu++20";
				PRODUCT_BUNDLE_IDENTIFIER = "com.mohitdb7.swift-ext";
				PRODUCT_NAME = "$(TARGET_NAME:c99extidentifier)";
				SKIP_INSTALL = YES;
				SWIFT_EMIT_LOC_STRINGS = YES;
				SWIFT_VERSION = 5.0;
				TARGETED_DEVICE_FAMILY = "1,2";
			};
			name = Debug;
		};
		5B308AE12B6768B2008765CC /* Release */ = {
			isa = XCBuildConfiguration;
			buildSettings = {
				CODE_SIGN_STYLE = Automatic;
				CURRENT_PROJECT_VERSION = 1;
				DEFINES_MODULE = YES;
				DEVELOPMENT_TEAM = P4P4WMUQQW;
				DYLIB_COMPATIBILITY_VERSION = 1;
				DYLIB_CURRENT_VERSION = 1;
				DYLIB_INSTALL_NAME_BASE = "@rpath";
				ENABLE_MODULE_VERIFIER = YES;
				GENERATE_INFOPLIST_FILE = YES;
				INFOPLIST_KEY_NSHumanReadableCopyright = "";
				INSTALL_PATH = "$(LOCAL_LIBRARY_DIR)/Frameworks";
				LD_RUNPATH_SEARCH_PATHS = (
					"$(inherited)",
					"@executable_path/Frameworks",
					"@loader_path/Frameworks",
				);
				MARKETING_VERSION = 1.0;
				MODULE_VERIFIER_SUPPORTED_LANGUAGES = "objective-c objective-c++";
				MODULE_VERIFIER_SUPPORTED_LANGUAGE_STANDARDS = "gnu17 gnu++20";
				PRODUCT_BUNDLE_IDENTIFIER = "com.mohitdb7.swift-ext";
				PRODUCT_NAME = "$(TARGET_NAME:c99extidentifier)";
				SKIP_INSTALL = YES;
				SWIFT_EMIT_LOC_STRINGS = YES;
				SWIFT_VERSION = 5.0;
				TARGETED_DEVICE_FAMILY = "1,2";
			};
			name = Release;
		};
		5B308AE32B6768B2008765CC /* Debug */ = {
			isa = XCBuildConfiguration;
			buildSettings = {
				CODE_SIGN_STYLE = Automatic;
				CURRENT_PROJECT_VERSION = 1;
				DEVELOPMENT_TEAM = P4P4WMUQQW;
				GENERATE_INFOPLIST_FILE = YES;
				MARKETING_VERSION = 1.0;
				PRODUCT_BUNDLE_IDENTIFIER = "com.mohitdb7.swift-extTests";
				PRODUCT_NAME = "$(TARGET_NAME)";
				SWIFT_EMIT_LOC_STRINGS = NO;
				SWIFT_VERSION = 5.0;
				TARGETED_DEVICE_FAMILY = "1,2";
			};
			name = Debug;
		};
		5B308AE42B6768B2008765CC /* Release */ = {
			isa = XCBuildConfiguration;
			buildSettings = {
				CODE_SIGN_STYLE = Automatic;
				CURRENT_PROJECT_VERSION = 1;
				DEVELOPMENT_TEAM = P4P4WMUQQW;
				GENERATE_INFOPLIST_FILE = YES;
				MARKETING_VERSION = 1.0;
				PRODUCT_BUNDLE_IDENTIFIER = "com.mohitdb7.swift-extTests";
				PRODUCT_NAME = "$(TARGET_NAME)";
				SWIFT_EMIT_LOC_STRINGS = NO;
				SWIFT_VERSION = 5.0;
				TARGETED_DEVICE_FAMILY = "1,2";
			};
			name = Release;
		};
		5B308AFB2B6768E0008765CC /* Debug */ = {
			isa = XCBuildConfiguration;
			buildSettings = {
				ASSETCATALOG_COMPILER_APPICON_NAME = AppIcon;
				ASSETCATALOG_COMPILER_GLOBAL_ACCENT_COLOR_NAME = AccentColor;
				CODE_SIGN_STYLE = Automatic;
				CURRENT_PROJECT_VERSION = 1;
				DEVELOPMENT_TEAM = P4P4WMUQQW;
				GENERATE_INFOPLIST_FILE = YES;
				INFOPLIST_FILE = swift_ext_example/Info.plist;
				INFOPLIST_KEY_UIApplicationSupportsIndirectInputEvents = YES;
				INFOPLIST_KEY_UILaunchStoryboardName = LaunchScreen;
				INFOPLIST_KEY_UIMainStoryboardFile = Main;
				INFOPLIST_KEY_UISupportedInterfaceOrientations_iPad = "UIInterfaceOrientationPortrait UIInterfaceOrientationPortraitUpsideDown UIInterfaceOrientationLandscapeLeft UIInterfaceOrientationLandscapeRight";
				INFOPLIST_KEY_UISupportedInterfaceOrientations_iPhone = "UIInterfaceOrientationPortrait UIInterfaceOrientationLandscapeLeft UIInterfaceOrientationLandscapeRight";
				LD_RUNPATH_SEARCH_PATHS = (
					"$(inherited)",
					"@executable_path/Frameworks",
				);
				MARKETING_VERSION = 1.0;
				PRODUCT_BUNDLE_IDENTIFIER = "com.mohitdb7.swift-ext-example";
				PRODUCT_NAME = "$(TARGET_NAME)";
				SWIFT_EMIT_LOC_STRINGS = YES;
				SWIFT_VERSION = 5.0;
				TARGETED_DEVICE_FAMILY = "1,2";
			};
			name = Debug;
		};
		5B308AFC2B6768E0008765CC /* Release */ = {
			isa = XCBuildConfiguration;
			buildSettings = {
				ASSETCATALOG_COMPILER_APPICON_NAME = AppIcon;
				ASSETCATALOG_COMPILER_GLOBAL_ACCENT_COLOR_NAME = AccentColor;
				CODE_SIGN_STYLE = Automatic;
				CURRENT_PROJECT_VERSION = 1;
				DEVELOPMENT_TEAM = P4P4WMUQQW;
				GENERATE_INFOPLIST_FILE = YES;
				INFOPLIST_FILE = swift_ext_example/Info.plist;
				INFOPLIST_KEY_UIApplicationSupportsIndirectInputEvents = YES;
				INFOPLIST_KEY_UILaunchStoryboardName = LaunchScreen;
				INFOPLIST_KEY_UIMainStoryboardFile = Main;
				INFOPLIST_KEY_UISupportedInterfaceOrientations_iPad = "UIInterfaceOrientationPortrait UIInterfaceOrientationPortraitUpsideDown UIInterfaceOrientationLandscapeLeft UIInterfaceOrientationLandscapeRight";
				INFOPLIST_KEY_UISupportedInterfaceOrientations_iPhone = "UIInterfaceOrientationPortrait UIInterfaceOrientationLandscapeLeft UIInterfaceOrientationLandscapeRight";
				LD_RUNPATH_SEARCH_PATHS = (
					"$(inherited)",
					"@executable_path/Frameworks",
				);
				MARKETING_VERSION = 1.0;
				PRODUCT_BUNDLE_IDENTIFIER = "com.mohitdb7.swift-ext-example";
				PRODUCT_NAME = "$(TARGET_NAME)";
				SWIFT_EMIT_LOC_STRINGS = YES;
				SWIFT_VERSION = 5.0;
				TARGETED_DEVICE_FAMILY = "1,2";
			};
			name = Release;
		};
/* End XCBuildConfiguration section */

/* Begin XCConfigurationList section */
		5B308AC52B6768B1008765CC /* Build configuration list for PBXProject "swift_ext" */ = {
			isa = XCConfigurationList;
			buildConfigurations = (
				5B308ADD2B6768B2008765CC /* Debug */,
				5B308ADE2B6768B2008765CC /* Release */,
			);
			defaultConfigurationIsVisible = 0;
			defaultConfigurationName = Release;
		};
		5B308ADF2B6768B2008765CC /* Build configuration list for PBXNativeTarget "swift_ext" */ = {
			isa = XCConfigurationList;
			buildConfigurations = (
				5B308AE02B6768B2008765CC /* Debug */,
				5B308AE12B6768B2008765CC /* Release */,
			);
			defaultConfigurationIsVisible = 0;
			defaultConfigurationName = Release;
		};
		5B308AE22B6768B2008765CC /* Build configuration list for PBXNativeTarget "swift_extTests" */ = {
			isa = XCConfigurationList;
			buildConfigurations = (
				5B308AE32B6768B2008765CC /* Debug */,
				5B308AE42B6768B2008765CC /* Release */,
			);
			defaultConfigurationIsVisible = 0;
			defaultConfigurationName = Release;
		};
		5B308AFA2B6768E0008765CC /* Build configuration list for PBXNativeTarget "swift_ext_example" */ = {
			isa = XCConfigurationList;
			buildConfigurations = (
				5B308AFB2B6768E0008765CC /* Debug */,
				5B308AFC2B6768E0008765CC /* Release */,
			);
			defaultConfigurationIsVisible = 0;
			defaultConfigurationName = Release;
		};
/* End XCConfigurationList section */
	};
	rootObject = 5B308AC22B6768B1008765CC /* Project object */;
}
